
Microsoft Visual Studio Solution File, Format Version 12.00
# Visual Studio Version 16
VisualStudioVersion = 16.0.29418.71
MinimumVisualStudioVersion = 10.0.40219.1
Project("{8BC9CEB8-8B4A-11D0-8D11-00A0C91BC942}") = "RosterProject", "RosterProject.vcxproj", "{BB84A0C1-D358-4930-9E8E-01C82B10AD77}"
EndProject
Global
	GlobalSection(SolutionConfigurationPlatforms) = preSolution
		Debug|x64 = Debug|x64
		Debug|x86 = Debug|x86
		Release|x64 = Release|x64
		Release|x86 = Release|x86
	EndGlobalSection
	GlobalSection(ProjectConfigurationPlatforms) = postSolution
		{BB84A0C1-D358-4930-9E8E-01C82B10AD77}.Debug|x64.ActiveCfg = Debug|x64
		{BB84A0C1-D358-4930-9E8E-01C82B10AD77}.Debug|x64.Build.0 = Debug|x64
		{BB84A0C1-D358-4930-9E8E-01C82B10AD77}.Debug|x86.ActiveCfg = Debug|Win32
		{BB84A0C1-D358-4930-9E8E-01C82B10AD77}.Debug|x86.Build.0 = Debug|Win32
		{BB84A0C1-D358-4930-9E8E-01C82B10AD77}.Release|x64.ActiveCfg = Release|x64
		{BB84A0C1-D358-4930-9E8E-01C82B10AD77}.Release|x64.Build.0 = Release|x64
		{BB84A0C1-D358-4930-9E8E-01C82B10AD77}.Release|x86.ActiveCfg = Release|Win32
		{BB84A0C1-D358-4930-9E8E-01C82B10AD77}.Release|x86.Build.0 = Release|Win32
	EndGlobalSection
	GlobalSection(SolutionProperties) = preSolution
		HideSolutionNode = FALSE
	EndGlobalSection
	GlobalSection(ExtensibilityGlobals) = postSolution
		SolutionGuid = {FDE8C969-2F2C-46F8-BBA2-68EC4F7E9A5D}
	EndGlobalSection
EndGlobal
